
Microsoft Visual Studio Solution File, Format Version 12.00
# Visual Studio Version 17
VisualStudioVersion = 17.4.33213.308
MinimumVisualStudioVersion = 10.0.40219.1
Project("{FAE04EC0-301F-11D3-BF4B-00C04F79EFBC}") = "Queue", "Queue\Queue.csproj", "{C5F477DC-B54C-48F6-B92B-D2C6CFE0E5C8}"
EndProject
Project("{FAE04EC0-301F-11D3-BF4B-00C04F79EFBC}") = "Queue_2_sentinels", "Queue_2_sentinels\Queue_2_sentinels.csproj", "{7F3C2A30-D8B7-49E7-9686-F59DF4B3FF74}"
EndProject
Project("{FAE04EC0-301F-11D3-BF4B-00C04F79EFBC}") = "Cola_super", "Cola_super\Cola_super.csproj", "{A168FAFE-9943-49E3-B8DB-DD82B320EB93}"
EndProject
Global
	GlobalSection(SolutionConfigurationPlatforms) = preSolution
		Debug|Any CPU = Debug|Any CPU
		Release|Any CPU = Release|Any CPU
	EndGlobalSection
	GlobalSection(ProjectConfigurationPlatforms) = postSolution
		{C5F477DC-B54C-48F6-B92B-D2C6CFE0E5C8}.Debug|Any CPU.ActiveCfg = Debug|Any CPU
		{C5F477DC-B54C-48F6-B92B-D2C6CFE0E5C8}.Debug|Any CPU.Build.0 = Debug|Any CPU
		{C5F477DC-B54C-48F6-B92B-D2C6CFE0E5C8}.Release|Any CPU.ActiveCfg = Release|Any CPU
		{C5F477DC-B54C-48F6-B92B-D2C6CFE0E5C8}.Release|Any CPU.Build.0 = Release|Any CPU
		{7F3C2A30-D8B7-49E7-9686-F59DF4B3FF74}.Debug|Any CPU.ActiveCfg = Debug|Any CPU
		{7F3C2A30-D8B7-49E7-9686-F59DF4B3FF74}.Debug|Any CPU.Build.0 = Debug|Any CPU
		{7F3C2A30-D8B7-49E7-9686-F59DF4B3FF74}.Release|Any CPU.ActiveCfg = Release|Any CPU
		{7F3C2A30-D8B7-49E7-9686-F59DF4B3FF74}.Release|Any CPU.Build.0 = Release|Any CPU
		{A168FAFE-9943-49E3-B8DB-DD82B320EB93}.Debug|Any CPU.ActiveCfg = Debug|Any CPU
		{A168FAFE-9943-49E3-B8DB-DD82B320EB93}.Debug|Any CPU.Build.0 = Debug|Any CPU
		{A168FAFE-9943-49E3-B8DB-DD82B320EB93}.Release|Any CPU.ActiveCfg = Release|Any CPU
		{A168FAFE-9943-49E3-B8DB-DD82B320EB93}.Release|Any CPU.Build.0 = Release|Any CPU
	EndGlobalSection
	GlobalSection(SolutionProperties) = preSolution
		HideSolutionNode = FALSE
	EndGlobalSection
	GlobalSection(ExtensibilityGlobals) = postSolution
		SolutionGuid = {7FE9E6C1-2091-45C5-B900-EADBE5972F61}
	EndGlobalSection
EndGlobal
